// !$*UTF8*$!
{
	archiveVersion = 1;
	classes = {
	};
	objectVersion = 77;
	objects = {

/* Begin PBXBuildFile section */
		EC66AFA02D6C72B90001B8B5 /* CouchbaseLiteSwift in Frameworks */ = {isa = PBXBuildFile; productRef = EC66AF9F2D6C72B90001B8B5 /* CouchbaseLiteSwift */; };
/* End PBXBuildFile section */

/* Begin PBXContainerItemProxy section */
		EC66AF602D6C70580001B8B5 /* PBXContainerItemProxy */ = {
			isa = PBXContainerItemProxy;
			containerPortal = EC66AF472D6C70550001B8B5 /* Project object */;
			proxyType = 1;
			remoteGlobalIDString = EC66AF4E2D6C70550001B8B5;
			remoteInfo = "ios-swift-quickstart";
		};
		EC66AF6A2D6C70580001B8B5 /* PBXContainerItemProxy */ = {
			isa = PBXContainerItemProxy;
			containerPortal = EC66AF472D6C70550001B8B5 /* Project object */;
			proxyType = 1;
			remoteGlobalIDString = EC66AF4E2D6C70550001B8B5;
			remoteInfo = "ios-swift-quickstart";
		};
/* End PBXContainerItemProxy section */

/* Begin PBXFileReference section */
		EC66AF4F2D6C70550001B8B5 /* ios-swift-quickstart.app */ = {isa = PBXFileReference; explicitFileType = wrapper.application; includeInIndex = 0; path = "ios-swift-quickstart.app"; sourceTree = BUILT_PRODUCTS_DIR; };
		EC66AF5F2D6C70580001B8B5 /* ios-swift-quickstartTests.xctest */ = {isa = PBXFileReference; explicitFileType = wrapper.cfbundle; includeInIndex = 0; path = "ios-swift-quickstartTests.xctest"; sourceTree = BUILT_PRODUCTS_DIR; };
		EC66AF692D6C70580001B8B5 /* ios-swift-quickstartUITests.xctest */ = {isa = PBXFileReference; explicitFileType = wrapper.cfbundle; includeInIndex = 0; path = "ios-swift-quickstartUITests.xctest"; sourceTree = BUILT_PRODUCTS_DIR; };
/* End PBXFileReference section */

/* Begin PBXFileSystemSynchronizedRootGroup section */
		EC66AF512D6C70550001B8B5 /* ios-swift-quickstart */ = {
			isa = PBXFileSystemSynchronizedRootGroup;
			explicitFolders = (
				"Assets/travel-sample.cblite2",
			);
			path = "ios-swift-quickstart";
			sourceTree = "<group>";
		};
		EC66AF622D6C70580001B8B5 /* ios-swift-quickstartTests */ = {
			isa = PBXFileSystemSynchronizedRootGroup;
			path = "ios-swift-quickstartTests";
			sourceTree = "<group>";
		};
		EC66AF6C2D6C70580001B8B5 /* ios-swift-quickstartUITests */ = {
			isa = PBXFileSystemSynchronizedRootGroup;
			path = "ios-swift-quickstartUITests";
			sourceTree = "<group>";
		};
/* End PBXFileSystemSynchronizedRootGroup section */

/* Begin PBXFrameworksBuildPhase section */
		EC66AF4C2D6C70550001B8B5 /* Frameworks */ = {
			isa = PBXFrameworksBuildPhase;
			buildActionMask = 2147483647;
			files = (
				EC66AFA02D6C72B90001B8B5 /* CouchbaseLiteSwift in Frameworks */,
			);
			runOnlyForDeploymentPostprocessing = 0;
		};
		EC66AF5C2D6C70580001B8B5 /* Frameworks */ = {
			isa = PBXFrameworksBuildPhase;
			buildActionMask = 2147483647;
			files = (
			);
			runOnlyForDeploymentPostprocessing = 0;
		};
		EC66AF662D6C70580001B8B5 /* Frameworks */ = {
			isa = PBXFrameworksBuildPhase;
			buildActionMask = 2147483647;
			files = (
			);
			runOnlyForDeploymentPostprocessing = 0;
		};
/* End PBXFrameworksBuildPhase section */

/* Begin PBXGroup section */
		EC66AF462D6C70550001B8B5 = {
			isa = PBXGroup;
			children = (
				EC66AF512D6C70550001B8B5 /* ios-swift-quickstart */,
				EC66AF622D6C70580001B8B5 /* ios-swift-quickstartTests */,
				EC66AF6C2D6C70580001B8B5 /* ios-swift-quickstartUITests */,
				EC66AF502D6C70550001B8B5 /* Products */,
			);
			sourceTree = "<group>";
		};
		EC66AF502D6C70550001B8B5 /* Products */ = {
			isa = PBXGroup;
			children = (
				EC66AF4F2D6C70550001B8B5 /* ios-swift-quickstart.app */,
				EC66AF5F2D6C70580001B8B5 /* ios-swift-quickstartTests.xctest */,
				EC66AF692D6C70580001B8B5 /* ios-swift-quickstartUITests.xctest */,
			);
			name = Products;
			sourceTree = "<group>";
		};
/* End PBXGroup section */

/* Begin PBXNativeTarget section */
		EC66AF4E2D6C70550001B8B5 /* ios-swift-quickstart */ = {
			isa = PBXNativeTarget;
			buildConfigurationList = EC66AF732D6C70580001B8B5 /* Build configuration list for PBXNativeTarget "ios-swift-quickstart" */;
			buildPhases = (
				EC66AF4B2D6C70550001B8B5 /* Sources */,
				EC66AF4C2D6C70550001B8B5 /* Frameworks */,
				EC66AF4D2D6C70550001B8B5 /* Resources */,
			);
			buildRules = (
			);
			dependencies = (
			);
			fileSystemSynchronizedGroups = (
				EC66AF512D6C70550001B8B5 /* ios-swift-quickstart */,
			);
			name = "ios-swift-quickstart";
			packageProductDependencies = (
				EC66AF9F2D6C72B90001B8B5 /* CouchbaseLiteSwift */,
			);
			productName = "ios-swift-quickstart";
			productReference = EC66AF4F2D6C70550001B8B5 /* ios-swift-quickstart.app */;
			productType = "com.apple.product-type.application";
		};
		EC66AF5E2D6C70580001B8B5 /* ios-swift-quickstartTests */ = {
			isa = PBXNativeTarget;
			buildConfigurationList = EC66AF762D6C70580001B8B5 /* Build configuration list for PBXNativeTarget "ios-swift-quickstartTests" */;
			buildPhases = (
				EC66AF5B2D6C70580001B8B5 /* Sources */,
				EC66AF5C2D6C70580001B8B5 /* Frameworks */,
				EC66AF5D2D6C70580001B8B5 /* Resources */,
			);
			buildRules = (
			);
			dependencies = (
				EC66AF612D6C70580001B8B5 /* PBXTargetDependency */,
			);
			fileSystemSynchronizedGroups = (
				EC66AF622D6C70580001B8B5 /* ios-swift-quickstartTests */,
			);
			name = "ios-swift-quickstartTests";
			packageProductDependencies = (
			);
			productName = "ios-swift-quickstartTests";
			productReference = EC66AF5F2D6C70580001B8B5 /* ios-swift-quickstartTests.xctest */;
			productType = "com.apple.product-type.bundle.unit-test";
		};
		EC66AF682D6C70580001B8B5 /* ios-swift-quickstartUITests */ = {
			isa = PBXNativeTarget;
			buildConfigurationList = EC66AF792D6C70580001B8B5 /* Build configuration list for PBXNativeTarget "ios-swift-quickstartUITests" */;
			buildPhases = (
				EC66AF652D6C70580001B8B5 /* Sources */,
				EC66AF662D6C70580001B8B5 /* Frameworks */,
				EC66AF672D6C70580001B8B5 /* Resources */,
			);
			buildRules = (
			);
			dependencies = (
				EC66AF6B2D6C70580001B8B5 /* PBXTargetDependency */,
			);
			fileSystemSynchronizedGroups = (
				EC66AF6C2D6C70580001B8B5 /* ios-swift-quickstartUITests */,
			);
			name = "ios-swift-quickstartUITests";
			packageProductDependencies = (
			);
			productName = "ios-swift-quickstartUITests";
			productReference = EC66AF692D6C70580001B8B5 /* ios-swift-quickstartUITests.xctest */;
			productType = "com.apple.product-type.bundle.ui-testing";
		};
/* End PBXNativeTarget section */

/* Begin PBXProject section */
		EC66AF472D6C70550001B8B5 /* Project object */ = {
			isa = PBXProject;
			attributes = {
				BuildIndependentTargetsInParallel = 1;
				LastSwiftUpdateCheck = 1620;
				LastUpgradeCheck = 1620;
				TargetAttributes = {
					EC66AF4E2D6C70550001B8B5 = {
						CreatedOnToolsVersion = 16.2;
					};
					EC66AF5E2D6C70580001B8B5 = {
						CreatedOnToolsVersion = 16.2;
						TestTargetID = EC66AF4E2D6C70550001B8B5;
					};
					EC66AF682D6C70580001B8B5 = {
						CreatedOnToolsVersion = 16.2;
						TestTargetID = EC66AF4E2D6C70550001B8B5;
					};
				};
			};
			buildConfigurationList = EC66AF4A2D6C70550001B8B5 /* Build configuration list for PBXProject "ios-swift-quickstart" */;
			developmentRegion = en;
			hasScannedForEncodings = 0;
			knownRegions = (
				en,
				Base,
			);
			mainGroup = EC66AF462D6C70550001B8B5;
			minimizedProjectReferenceProxies = 1;
			packageReferences = (
				EC66AF9E2D6C72B90001B8B5 /* XCRemoteSwiftPackageReference "couchbase-lite-ios" */,
			);
			preferredProjectObjectVersion = 77;
			productRefGroup = EC66AF502D6C70550001B8B5 /* Products */;
			projectDirPath = "";
			projectRoot = "";
			targets = (
				EC66AF4E2D6C70550001B8B5 /* ios-swift-quickstart */,
				EC66AF5E2D6C70580001B8B5 /* ios-swift-quickstartTests */,
				EC66AF682D6C70580001B8B5 /* ios-swift-quickstartUITests */,
			);
		};
/* End PBXProject section */

/* Begin PBXResourcesBuildPhase section */
		EC66AF4D2D6C70550001B8B5 /* Resources */ = {
			isa = PBXResourcesBuildPhase;
			buildActionMask = 2147483647;
			files = (
			);
			runOnlyForDeploymentPostprocessing = 0;
		};
		EC66AF5D2D6C70580001B8B5 /* Resources */ = {
			isa = PBXResourcesBuildPhase;
			buildActionMask = 2147483647;
			files = (
			);
			runOnlyForDeploymentPostprocessing = 0;
		};
		EC66AF672D6C70580001B8B5 /* Resources */ = {
			isa = PBXResourcesBuildPhase;
			buildActionMask = 2147483647;
			files = (
			);
			runOnlyForDeploymentPostprocessing = 0;
		};
/* End PBXResourcesBuildPhase section */

/* Begin PBXSourcesBuildPhase section */
		EC66AF4B2D6C70550001B8B5 /* Sources */ = {
			isa = PBXSourcesBuildPhase;
			buildActionMask = 2147483647;
			files = (
			);
			runOnlyForDeploymentPostprocessing = 0;
		};
		EC66AF5B2D6C70580001B8B5 /* Sources */ = {
			isa = PBXSourcesBuildPhase;
			buildActionMask = 2147483647;
			files = (
			);
			runOnlyForDeploymentPostprocessing = 0;
		};
		EC66AF652D6C70580001B8B5 /* Sources */ = {
			isa = PBXSourcesBuildPhase;
			buildActionMask = 2147483647;
			files = (
			);
			runOnlyForDeploymentPostprocessing = 0;
		};
/* End PBXSourcesBuildPhase section */

/* Begin PBXTargetDependency section */
		EC66AF612D6C70580001B8B5 /* PBXTargetDependency */ = {
			isa = PBXTargetDependency;
			target = EC66AF4E2D6C70550001B8B5 /* ios-swift-quickstart */;
			targetProxy = EC66AF602D6C70580001B8B5 /* PBXContainerItemProxy */;
		};
		EC66AF6B2D6C70580001B8B5 /* PBXTargetDependency */ = {
			isa = PBXTargetDependency;
			target = EC66AF4E2D6C70550001B8B5 /* ios-swift-quickstart */;
			targetProxy = EC66AF6A2D6C70580001B8B5 /* PBXContainerItemProxy */;
		};
/* End PBXTargetDependency section */

/* Begin XCBuildConfiguration section */
		EC66AF712D6C70580001B8B5 /* Debug */ = {
			isa = XCBuildConfiguration;
			buildSettings = {
				ALWAYS_SEARCH_USER_PATHS = NO;
				ASSETCATALOG_COMPILER_GENERATE_SWIFT_ASSET_SYMBOL_EXTENSIONS = YES;
				CLANG_ANALYZER_NONNULL = YES;
				CLANG_ANALYZER_NUMBER_OBJECT_CONVERSION = YES_AGGRESSIVE;
				CLANG_CXX_LANGUAGE_STANDARD = "gnu++20";
				CLANG_ENABLE_MODULES = YES;
				CLANG_ENABLE_OBJC_ARC = YES;
				CLANG_ENABLE_OBJC_WEAK = YES;
				CLANG_WARN_BLOCK_CAPTURE_AUTORELEASING = YES;
				CLANG_WARN_BOOL_CONVERSION = YES;
				CLANG_WARN_COMMA = YES;
				CLANG_WARN_CONSTANT_CONVERSION = YES;
				CLANG_WARN_DEPRECATED_OBJC_IMPLEMENTATIONS = YES;
				CLANG_WARN_DIRECT_OBJC_ISA_USAGE = YES_ERROR;
				CLANG_WARN_DOCUMENTATION_COMMENTS = YES;
				CLANG_WARN_EMPTY_BODY = YES;
				CLANG_WARN_ENUM_CONVERSION = YES;
				CLANG_WARN_INFINITE_RECURSION = YES;
				CLANG_WARN_INT_CONVERSION = YES;
				CLANG_WARN_NON_LITERAL_NULL_CONVERSION = YES;
				CLANG_WARN_OBJC_IMPLICIT_RETAIN_SELF = YES;
				CLANG_WARN_OBJC_LITERAL_CONVERSION = YES;
				CLANG_WARN_OBJC_ROOT_CLASS = YES_ERROR;
				CLANG_WARN_QUOTED_INCLUDE_IN_FRAMEWORK_HEADER = YES;
				CLANG_WARN_RANGE_LOOP_ANALYSIS = YES;
				CLANG_WARN_STRICT_PROTOTYPES = YES;
				CLANG_WARN_SUSPICIOUS_MOVE = YES;
				CLANG_WARN_UNGUARDED_AVAILABILITY = YES_AGGRESSIVE;
				CLANG_WARN_UNREACHABLE_CODE = YES;
				CLANG_WARN__DUPLICATE_METHOD_MATCH = YES;
				COPY_PHASE_STRIP = NO;
				DEBUG_INFORMATION_FORMAT = dwarf;
				ENABLE_STRICT_OBJC_MSGSEND = YES;
				ENABLE_TESTABILITY = YES;
				ENABLE_USER_SCRIPT_SANDBOXING = YES;
				GCC_C_LANGUAGE_STANDARD = gnu17;
				GCC_DYNAMIC_NO_PIC = NO;
				GCC_NO_COMMON_BLOCKS = YES;
				GCC_OPTIMIZATION_LEVEL = 0;
				GCC_PREPROCESSOR_DEFINITIONS = (
					"DEBUG=1",
					"$(inherited)",
				);
				GCC_WARN_64_TO_32_BIT_CONVERSION = YES;
				GCC_WARN_ABOUT_RETURN_TYPE = YES_ERROR;
				GCC_WARN_UNDECLARED_SELECTOR = YES;
				GCC_WARN_UNINITIALIZED_AUTOS = YES_AGGRESSIVE;
				GCC_WARN_UNUSED_FUNCTION = YES;
				GCC_WARN_UNUSED_VARIABLE = YES;
				IPHONEOS_DEPLOYMENT_TARGET = 18.2;
				LOCALIZATION_PREFERS_STRING_CATALOGS = YES;
				MTL_ENABLE_DEBUG_INFO = INCLUDE_SOURCE;
				MTL_FAST_MATH = YES;
				ONLY_ACTIVE_ARCH = YES;
				SDKROOT = iphoneos;
				SWIFT_ACTIVE_COMPILATION_CONDITIONS = "DEBUG $(inherited)";
				SWIFT_OPTIMIZATION_LEVEL = "-Onone";
			};
			name = Debug;
		};
		EC66AF722D6C70580001B8B5 /* Release */ = {
			isa = XCBuildConfiguration;
			buildSettings = {
				ALWAYS_SEARCH_USER_PATHS = NO;
				ASSETCATALOG_COMPILER_GENERATE_SWIFT_ASSET_SYMBOL_EXTENSIONS = YES;
				CLANG_ANALYZER_NONNULL = YES;
				CLANG_ANALYZER_NUMBER_OBJECT_CONVERSION = YES_AGGRESSIVE;
				CLANG_CXX_LANGUAGE_STANDARD = "gnu++20";
				CLANG_ENABLE_MODULES = YES;
				CLANG_ENABLE_OBJC_ARC = YES;
				CLANG_ENABLE_OBJC_WEAK = YES;
				CLANG_WARN_BLOCK_CAPTURE_AUTORELEASING = YES;
				CLANG_WARN_BOOL_CONVERSION = YES;
				CLANG_WARN_COMMA = YES;
				CLANG_WARN_CONSTANT_CONVERSION = YES;
				CLANG_WARN_DEPRECATED_OBJC_IMPLEMENTATIONS = YES;
				CLANG_WARN_DIRECT_OBJC_ISA_USAGE = YES_ERROR;
				CLANG_WARN_DOCUMENTATION_COMMENTS = YES;
				CLANG_WARN_EMPTY_BODY = YES;
				CLANG_WARN_ENUM_CONVERSION = YES;
				CLANG_WARN_INFINITE_RECURSION = YES;
				CLANG_WARN_INT_CONVERSION = YES;
				CLANG_WARN_NON_LITERAL_NULL_CONVERSION = YES;
				CLANG_WARN_OBJC_IMPLICIT_RETAIN_SELF = YES;
				CLANG_WARN_OBJC_LITERAL_CONVERSION = YES;
				CLANG_WARN_OBJC_ROOT_CLASS = YES_ERROR;
				CLANG_WARN_QUOTED_INCLUDE_IN_FRAMEWORK_HEADER = YES;
				CLANG_WARN_RANGE_LOOP_ANALYSIS = YES;
				CLANG_WARN_STRICT_PROTOTYPES = YES;
				CLANG_WARN_SUSPICIOUS_MOVE = YES;
				CLANG_WARN_UNGUARDED_AVAILABILITY = YES_AGGRESSIVE;
				CLANG_WARN_UNREACHABLE_CODE = YES;
				CLANG_WARN__DUPLICATE_METHOD_MATCH = YES;
				COPY_PHASE_STRIP = NO;
				DEBUG_INFORMATION_FORMAT = "dwarf-with-dsym";
				ENABLE_NS_ASSERTIONS = NO;
				ENABLE_STRICT_OBJC_MSGSEND = YES;
				ENABLE_USER_SCRIPT_SANDBOXING = YES;
				GCC_C_LANGUAGE_STANDARD = gnu17;
				GCC_NO_COMMON_BLOCKS = YES;
				GCC_WARN_64_TO_32_BIT_CONVERSION = YES;
				GCC_WARN_ABOUT_RETURN_TYPE = YES_ERROR;
				GCC_WARN_UNDECLARED_SELECTOR = YES;
				GCC_WARN_UNINITIALIZED_AUTOS = YES_AGGRESSIVE;
				GCC_WARN_UNUSED_FUNCTION = YES;
				GCC_WARN_UNUSED_VARIABLE = YES;
				IPHONEOS_DEPLOYMENT_TARGET = 18.2;
				LOCALIZATION_PREFERS_STRING_CATALOGS = YES;
				MTL_ENABLE_DEBUG_INFO = NO;
				MTL_FAST_MATH = YES;
				SDKROOT = iphoneos;
				SWIFT_COMPILATION_MODE = wholemodule;
				VALIDATE_PRODUCT = YES;
			};
			name = Release;
		};
		EC66AF742D6C70580001B8B5 /* Debug */ = {
			isa = XCBuildConfiguration;
			buildSettings = {
				ASSETCATALOG_COMPILER_APPICON_NAME = AppIcon;
				ASSETCATALOG_COMPILER_GLOBAL_ACCENT_COLOR_NAME = AccentColor;
				CODE_SIGN_STYLE = Automatic;
				CURRENT_PROJECT_VERSION = 1;
				DEVELOPMENT_ASSET_PATHS = "\"ios-swift-quickstart/Preview Content\"";
				ENABLE_PREVIEWS = YES;
				GENERATE_INFOPLIST_FILE = YES;
				INFOPLIST_KEY_UIApplicationSceneManifest_Generation = YES;
				INFOPLIST_KEY_UIApplicationSupportsIndirectInputEvents = YES;
				INFOPLIST_KEY_UILaunchScreen_Generation = YES;
				INFOPLIST_KEY_UISupportedInterfaceOrientations_iPad = "UIInterfaceOrientationPortrait UIInterfaceOrientationPortraitUpsideDown UIInterfaceOrientationLandscapeLeft UIInterfaceOrientationLandscapeRight";
				INFOPLIST_KEY_UISupportedInterfaceOrientations_iPhone = "UIInterfaceOrientationPortrait UIInterfaceOrientationLandscapeLeft UIInterfaceOrientationLandscapeRight";
				IPHONEOS_DEPLOYMENT_TARGET = 16.6;
				LD_RUNPATH_SEARCH_PATHS = (
					"$(inherited)",
					"@executable_path/Frameworks",
				);
				MARKETING_VERSION = 1.0;
				PRODUCT_BUNDLE_IDENTIFIER = "couchbase.ios-swift-quickstart";
				PRODUCT_NAME = "$(TARGET_NAME)";
				SWIFT_EMIT_LOC_STRINGS = YES;
				SWIFT_VERSION = 5.0;
				TARGETED_DEVICE_FAMILY = "1,2";
			};
			name = Debug;
		};
		EC66AF752D6C70580001B8B5 /* Release */ = {
			isa = XCBuildConfiguration;
			buildSettings = {
				ASSETCATALOG_COMPILER_APPICON_NAME = AppIcon;
				ASSETCATALOG_COMPILER_GLOBAL_ACCENT_COLOR_NAME = AccentColor;
				CODE_SIGN_STYLE = Automatic;
				CURRENT_PROJECT_VERSION = 1;
				DEVELOPMENT_ASSET_PATHS = "\"ios-swift-quickstart/Preview Content\"";
				ENABLE_PREVIEWS = YES;
				GENERATE_INFOPLIST_FILE = YES;
				INFOPLIST_KEY_UIApplicationSceneManifest_Generation = YES;
				INFOPLIST_KEY_UIApplicationSupportsIndirectInputEvents = YES;
				INFOPLIST_KEY_UILaunchScreen_Generation = YES;
				INFOPLIST_KEY_UISupportedInterfaceOrientations_iPad = "UIInterfaceOrientationPortrait UIInterfaceOrientationPortraitUpsideDown UIInterfaceOrientationLandscapeLeft UIInterfaceOrientationLandscapeRight";
				INFOPLIST_KEY_UISupportedInterfaceOrientations_iPhone = "UIInterfaceOrientationPortrait UIInterfaceOrientationLandscapeLeft UIInterfaceOrientationLandscapeRight";
				IPHONEOS_DEPLOYMENT_TARGET = 16.6;
				LD_RUNPATH_SEARCH_PATHS = (
					"$(inherited)",
					"@executable_path/Frameworks",
				);
				MARKETING_VERSION = 1.0;
				PRODUCT_BUNDLE_IDENTIFIER = "couchbase.ios-swift-quickstart";
				PRODUCT_NAME = "$(TARGET_NAME)";
				SWIFT_EMIT_LOC_STRINGS = YES;
				SWIFT_VERSION = 5.0;
				TARGETED_DEVICE_FAMILY = "1,2";
			};
			name = Release;
		};
		EC66AF772D6C70580001B8B5 /* Debug */ = {
			isa = XCBuildConfiguration;
			buildSettings = {
				BUNDLE_LOADER = "$(TEST_HOST)";
				CODE_SIGN_STYLE = Automatic;
				CURRENT_PROJECT_VERSION = 1;
				GENERATE_INFOPLIST_FILE = YES;
				IPHONEOS_DEPLOYMENT_TARGET = 16.6;
				MARKETING_VERSION = 1.0;
				PRODUCT_BUNDLE_IDENTIFIER = "couchbase.ios-swift-quickstartTests";
				PRODUCT_NAME = "$(TARGET_NAME)";
				SWIFT_EMIT_LOC_STRINGS = NO;
				SWIFT_VERSION = 5.0;
				TARGETED_DEVICE_FAMILY = "1,2";
				TEST_HOST = "$(BUILT_PRODUCTS_DIR)/ios-swift-quickstart.app/$(BUNDLE_EXECUTABLE_FOLDER_PATH)/ios-swift-quickstart";
			};
			name = Debug;
		};
		EC66AF782D6C70580001B8B5 /* Release */ = {
			isa = XCBuildConfiguration;
			buildSettings = {
				BUNDLE_LOADER = "$(TEST_HOST)";
				CODE_SIGN_STYLE = Automatic;
				CURRENT_PROJECT_VERSION = 1;
				GENERATE_INFOPLIST_FILE = YES;
				IPHONEOS_DEPLOYMENT_TARGET = 16.6;
				MARKETING_VERSION = 1.0;
				PRODUCT_BUNDLE_IDENTIFIER = "couchbase.ios-swift-quickstartTests";
				PRODUCT_NAME = "$(TARGET_NAME)";
				SWIFT_EMIT_LOC_STRINGS = NO;
				SWIFT_VERSION = 5.0;
				TARGETED_DEVICE_FAMILY = "1,2";
				TEST_HOST = "$(BUILT_PRODUCTS_DIR)/ios-swift-quickstart.app/$(BUNDLE_EXECUTABLE_FOLDER_PATH)/ios-swift-quickstart";
			};
			name = Release;
		};
		EC66AF7A2D6C70580001B8B5 /* Debug */ = {
			isa = XCBuildConfiguration;
			buildSettings = {
				CODE_SIGN_STYLE = Automatic;
				CURRENT_PROJECT_VERSION = 1;
				GENERATE_INFOPLIST_FILE = YES;
				IPHONEOS_DEPLOYMENT_TARGET = 16.6;
				MARKETING_VERSION = 1.0;
				PRODUCT_BUNDLE_IDENTIFIER = "couchbase.ios-swift-quickstartUITests";
				PRODUCT_NAME = "$(TARGET_NAME)";
				SWIFT_EMIT_LOC_STRINGS = NO;
				SWIFT_VERSION = 5.0;
				TARGETED_DEVICE_FAMILY = "1,2";
				TEST_TARGET_NAME = "ios-swift-quickstart";
			};
			name = Debug;
		};
		EC66AF7B2D6C70580001B8B5 /* Release */ = {
			isa = XCBuildConfiguration;
			buildSettings = {
				CODE_SIGN_STYLE = Automatic;
				CURRENT_PROJECT_VERSION = 1;
				GENERATE_INFOPLIST_FILE = YES;
				IPHONEOS_DEPLOYMENT_TARGET = 16.6;
				MARKETING_VERSION = 1.0;
				PRODUCT_BUNDLE_IDENTIFIER = "couchbase.ios-swift-quickstartUITests";
				PRODUCT_NAME = "$(TARGET_NAME)";
				SWIFT_EMIT_LOC_STRINGS = NO;
				SWIFT_VERSION = 5.0;
				TARGETED_DEVICE_FAMILY = "1,2";
				TEST_TARGET_NAME = "ios-swift-quickstart";
			};
			name = Release;
		};
/* End XCBuildConfiguration section */

/* Begin XCConfigurationList section */
		EC66AF4A2D6C70550001B8B5 /* Build configuration list for PBXProject "ios-swift-quickstart" */ = {
			isa = XCConfigurationList;
			buildConfigurations = (
				EC66AF712D6C70580001B8B5 /* Debug */,
				EC66AF722D6C70580001B8B5 /* Release */,
			);
			defaultConfigurationIsVisible = 0;
			defaultConfigurationName = Release;
		};
		EC66AF732D6C70580001B8B5 /* Build configuration list for PBXNativeTarget "ios-swift-quickstart" */ = {
			isa = XCConfigurationList;
			buildConfigurations = (
				EC66AF742D6C70580001B8B5 /* Debug */,
				EC66AF752D6C70580001B8B5 /* Release */,
			);
			defaultConfigurationIsVisible = 0;
			defaultConfigurationName = Release;
		};
		EC66AF762D6C70580001B8B5 /* Build configuration list for PBXNativeTarget "ios-swift-quickstartTests" */ = {
			isa = XCConfigurationList;
			buildConfigurations = (
				EC66AF772D6C70580001B8B5 /* Debug */,
				EC66AF782D6C70580001B8B5 /* Release */,
			);
			defaultConfigurationIsVisible = 0;
			defaultConfigurationName = Release;
		};
		EC66AF792D6C70580001B8B5 /* Build configuration list for PBXNativeTarget "ios-swift-quickstartUITests" */ = {
			isa = XCConfigurationList;
			buildConfigurations = (
				EC66AF7A2D6C70580001B8B5 /* Debug */,
				EC66AF7B2D6C70580001B8B5 /* Release */,
			);
			defaultConfigurationIsVisible = 0;
			defaultConfigurationName = Release;
		};
/* End XCConfigurationList section */

/* Begin XCRemoteSwiftPackageReference section */
		EC66AF9E2D6C72B90001B8B5 /* XCRemoteSwiftPackageReference "couchbase-lite-ios" */ = {
			isa = XCRemoteSwiftPackageReference;
			repositoryURL = "https://github.com/couchbase/couchbase-lite-ios.git";
			requirement = {
				kind = upToNextMajorVersion;
				minimumVersion = 3.2.1;
			};
		};
/* End XCRemoteSwiftPackageReference section */

/* Begin XCSwiftPackageProductDependency section */
		EC66AF9F2D6C72B90001B8B5 /* CouchbaseLiteSwift */ = {
			isa = XCSwiftPackageProductDependency;
			package = EC66AF9E2D6C72B90001B8B5 /* XCRemoteSwiftPackageReference "couchbase-lite-ios" */;
			productName = CouchbaseLiteSwift;
		};
/* End XCSwiftPackageProductDependency section */
	};
	rootObject = EC66AF472D6C70550001B8B5 /* Project object */;
}
